
Microsoft Visual Studio Solution File, Format Version 12.00
# Visual Studio Version 17
VisualStudioVersion = 17.11.35222.181
MinimumVisualStudioVersion = 10.0.40219.1
Project("{FAE04EC0-301F-11D3-BF4B-00C04F79EFBC}") = "LibrarySystem", "LibrarySystem.csproj", "{30A5D617-4DFA-4416-920A-BBC64ACB1BB1}"
EndProject
Global
	GlobalSection(SolutionConfigurationPlatforms) = preSolution
		Debug|Any CPU = Debug|Any CPU
		Release|Any CPU = Release|Any CPU
	EndGlobalSection
	GlobalSection(ProjectConfigurationPlatforms) = postSolution
		{30A5D617-4DFA-4416-920A-BBC64ACB1BB1}.Debug|Any CPU.ActiveCfg = Debug|Any CPU
		{30A5D617-4DFA-4416-920A-BBC64ACB1BB1}.Debug|Any CPU.Build.0 = Debug|Any CPU
		{30A5D617-4DFA-4416-920A-BBC64ACB1BB1}.Release|Any CPU.ActiveCfg = Release|Any CPU
		{30A5D617-4DFA-4416-920A-BBC64ACB1BB1}.Release|Any CPU.Build.0 = Release|Any CPU
	EndGlobalSection
	GlobalSection(SolutionProperties) = preSolution
		HideSolutionNode = FALSE
	EndGlobalSection
	GlobalSection(ExtensibilityGlobals) = postSolution
		SolutionGuid = {11E4A9EA-C7CA-4DE0-A215-6B21C2D1E6D1}
	EndGlobalSection
EndGlobal
